
Microsoft Visual Studio Solution File, Format Version 12.00
# Visual Studio Version 16
VisualStudioVersion = 16.0.30907.101
MinimumVisualStudioVersion = 10.0.40219.1
Project("{8BC9CEB8-8B4A-11D0-8D11-00A0C91BC942}") = "Cpts_121_PA3", "Cpts_121_PA3\Cpts_121_PA3.vcxproj", "{87C7CA7A-C23F-4555-9478-8B4BF2170F98}"
EndProject
Project("{8BC9CEB8-8B4A-11D0-8D11-00A0C91BC942}") = "Cpts_121_PA3_UnitTest", "Cpts_121_PA3_UnitTest\Cpts_121_PA3_UnitTest.vcxproj", "{643886F9-11B6-4BEB-9CE9-51793E3A9D43}"
EndProject
Global
	GlobalSection(SolutionConfigurationPlatforms) = preSolution
		Debug|x64 = Debug|x64
		Debug|x86 = Debug|x86
		Release|x64 = Release|x64
		Release|x86 = Release|x86
	EndGlobalSection
	GlobalSection(ProjectConfigurationPlatforms) = postSolution
		{87C7CA7A-C23F-4555-9478-8B4BF2170F98}.Debug|x64.ActiveCfg = Debug|x64
		{87C7CA7A-C23F-4555-9478-8B4BF2170F98}.Debug|x64.Build.0 = Debug|x64
		{87C7CA7A-C23F-4555-9478-8B4BF2170F98}.Debug|x86.ActiveCfg = Debug|Win32
		{87C7CA7A-C23F-4555-9478-8B4BF2170F98}.Debug|x86.Build.0 = Debug|Win32
		{87C7CA7A-C23F-4555-9478-8B4BF2170F98}.Release|x64.ActiveCfg = Release|x64
		{87C7CA7A-C23F-4555-9478-8B4BF2170F98}.Release|x64.Build.0 = Release|x64
		{87C7CA7A-C23F-4555-9478-8B4BF2170F98}.Release|x86.ActiveCfg = Release|Win32
		{87C7CA7A-C23F-4555-9478-8B4BF2170F98}.Release|x86.Build.0 = Release|Win32
		{643886F9-11B6-4BEB-9CE9-51793E3A9D43}.Debug|x64.ActiveCfg = Debug|x64
		{643886F9-11B6-4BEB-9CE9-51793E3A9D43}.Debug|x64.Build.0 = Debug|x64
		{643886F9-11B6-4BEB-9CE9-51793E3A9D43}.Debug|x86.ActiveCfg = Debug|Win32
		{643886F9-11B6-4BEB-9CE9-51793E3A9D43}.Debug|x86.Build.0 = Debug|Win32
		{643886F9-11B6-4BEB-9CE9-51793E3A9D43}.Release|x64.ActiveCfg = Release|x64
		{643886F9-11B6-4BEB-9CE9-51793E3A9D43}.Release|x64.Build.0 = Release|x64
		{643886F9-11B6-4BEB-9CE9-51793E3A9D43}.Release|x86.ActiveCfg = Release|Win32
		{643886F9-11B6-4BEB-9CE9-51793E3A9D43}.Release|x86.Build.0 = Release|Win32
	EndGlobalSection
	GlobalSection(SolutionProperties) = preSolution
		HideSolutionNode = FALSE
	EndGlobalSection
	GlobalSection(ExtensibilityGlobals) = postSolution
		SolutionGuid = {6E687BA3-F831-4214-BE67-7AE12E712963}
	EndGlobalSection
EndGlobal
